
Microsoft Visual Studio Solution File, Format Version 12.00
# Visual Studio 15
VisualStudioVersion = 15.0.28307.168
MinimumVisualStudioVersion = 10.0.40219.1
Project("{FAE04EC0-301F-11D3-BF4B-00C04F79EFBC}") = "HelloWorld", "HelloWorld\HelloWorld.csproj", "{D7ED3F0E-05E1-44B7-A7B1-6A31FBCEA7D3}"
EndProject
Global
	GlobalSection(SolutionConfigurationPlatforms) = preSolution
		Debug|Any CPU = Debug|Any CPU
		Release|Any CPU = Release|Any CPU
	EndGlobalSection
	GlobalSection(ProjectConfigurationPlatforms) = postSolution
		{D7ED3F0E-05E1-44B7-A7B1-6A31FBCEA7D3}.Debug|Any CPU.ActiveCfg = Debug|Any CPU
		{D7ED3F0E-05E1-44B7-A7B1-6A31FBCEA7D3}.Debug|Any CPU.Build.0 = Debug|Any CPU
		{D7ED3F0E-05E1-44B7-A7B1-6A31FBCEA7D3}.Release|Any CPU.ActiveCfg = Release|Any CPU
		{D7ED3F0E-05E1-44B7-A7B1-6A31FBCEA7D3}.Release|Any CPU.Build.0 = Release|Any CPU
	EndGlobalSection
	GlobalSection(SolutionProperties) = preSolution
		HideSolutionNode = FALSE
	EndGlobalSection
	GlobalSection(ExtensibilityGlobals) = postSolution
		SolutionGuid = {AB807EFF-BF89-4799-8D90-C5F0C99565BB}
	EndGlobalSection
EndGlobal
